# THIS IS AN AUTOGENERATED FILE. DO NOT EDIT THIS FILE DIRECTLY.
# yarn lockfile v1


bs-fetch@0.5.0:
  version "0.5.0"
  resolved "https://registry.yarnpkg.com/bs-fetch/-/bs-fetch-0.5.0.tgz#6913b1d1ddfa0b0a4b832357854e9763d61d4b28"
  integrity sha512-cGjwRpyNcIaX+p2ssy/38zs7BM/miKNgmOR3NEhxKFete5mR05JcvjuV4raG89oGCG281SU1b56TTAKmf9VCug==

bs-platform@^5.0.6:
  version "5.0.6"
  resolved "https://registry.yarnpkg.com/bs-platform/-/bs-platform-5.0.6.tgz#88c13041fb020479800de3d82c680bf971091425"
  integrity sha512-6Boa2VEcWJp2WJr38L7bp3J929nYha7gDarjxb070jWzgfPJ/WbzjipmSfnu2eqqk1MfjEIpBipbPz6n1NISwA==

bsb-native@4.0.6:
  version "4.0.6"
  resolved "https://registry.yarnpkg.com/bsb-native/-/bsb-native-4.0.6.tgz#5c0289e24e0a3375ebf8f69a17510b884cace1ca"
  integrity sha512-T1MkndnmA4StiKK2UvEftrqANN+h9StlLghBbwmKa833d97D86np+2wmIOw5Rqy6rNW3D076A2G51mooWTUwfQ==
  dependencies:
    yauzl "^2.9.1"

buffer-crc32@~0.2.3:
  version "0.2.13"
  resolved "https://registry.yarnpkg.com/buffer-crc32/-/buffer-crc32-0.2.13.tgz#0d333e3f00eac50aa1454abd30ef8c2a5d9a7242"
  integrity sha1-DTM+PwDqxQqhRUq9MO+MKl2ackI=

fd-slicer@~1.1.0:
  version "1.1.0"
  resolved "https://registry.yarnpkg.com/fd-slicer/-/fd-slicer-1.1.0.tgz#25c7c89cb1f9077f8891bbe61d8f390eae256f1e"
  integrity sha1-JcfInLH5B3+IkbvmHY85Dq4lbx4=
  dependencies:
    pend "~1.2.0"

let-anything@1.0.3:
  version "1.0.3"
  resolved "https://registry.yarnpkg.com/let-anything/-/let-anything-1.0.3.tgz#0e870607e37ee9ec3793a973e8cd48a59817edf4"
  integrity sha512-cq3cWtklrAy2B+Fcl/PodvaCRGl2RDP2NjwFogsqRXE7Q1nsEtHpFlL1PmgNRj0+7bSYtt5fEyQmPmHlVTzvNQ==
  dependencies:
    bsb-native "4.0.6"

pend@~1.2.0:
  version "1.2.0"
  resolved "https://registry.yarnpkg.com/pend/-/pend-1.2.0.tgz#7a57eb550a6783f9115331fcf4663d5c8e007a50"
  integrity sha1-elfrVQpng/kRUzH89GY9XI4AelA=

reason-future@2.4.0:
  version "2.4.0"
  resolved "https://registry.yarnpkg.com/reason-future/-/reason-future-2.4.0.tgz#3918945a943a6abbb67bc62e90af6a65a0f079ae"
  integrity sha512-QtWvUqzfPTxZpB4sWjAS3bFqCB76Lsxm6ekd99LF8iXkLqx2Xg+b9wyobW/KoXMrq48B//hvW3Dh3vhIYlpXHQ==

yauzl@^2.9.1:
  version "2.10.0"
  resolved "https://registry.yarnpkg.com/yauzl/-/yauzl-2.10.0.tgz#c7eb17c93e112cb1086fa6d8e51fb0667b79a5f9"
  integrity sha1-x+sXyT4RLLEIb6bY5R+wZnt5pfk=
  dependencies:
    buffer-crc32 "~0.2.3"
    fd-slicer "~1.1.0"
